// !$*UTF8*$!
{
	archiveVersion = 1;
	classes = {
	};
	objectVersion = 46;
	objects = {

/* Begin PBXBuildFile section */
		FC2D1A421F2DB0A80050C437 /* AppDelegate.swift in Sources */ = {isa = PBXBuildFile; fileRef = FC2D1A411F2DB0A80050C437 /* AppDelegate.swift */; };
		FC2D1A441F2DB0A80050C437 /* ViewController.swift in Sources */ = {isa = PBXBuildFile; fileRef = FC2D1A431F2DB0A80050C437 /* ViewController.swift */; };
		FC2D1A471F2DB0A80050C437 /* Main.storyboard in Resources */ = {isa = PBXBuildFile; fileRef = FC2D1A451F2DB0A80050C437 /* Main.storyboard */; };
		FC2D1A491F2DB0A80050C437 /* Assets.xcassets in Resources */ = {isa = PBXBuildFile; fileRef = FC2D1A481F2DB0A80050C437 /* Assets.xcassets */; };
		FC2D1A4C1F2DB0A80050C437 /* LaunchScreen.storyboard in Resources */ = {isa = PBXBuildFile; fileRef = FC2D1A4A1F2DB0A80050C437 /* LaunchScreen.storyboard */; };
		FC2D1A551F2DB1A80050C437 /* TableViewCell1.swift in Sources */ = {isa = PBXBuildFile; fileRef = FC2D1A531F2DB1A80050C437 /* TableViewCell1.swift */; };
		FC2D1A561F2DB1A80050C437 /* TableViewCell1.xib in Resources */ = {isa = PBXBuildFile; fileRef = FC2D1A541F2DB1A80050C437 /* TableViewCell1.xib */; };
		FC2D1A591F2DB1BB0050C437 /* TableViewCell2.swift in Sources */ = {isa = PBXBuildFile; fileRef = FC2D1A571F2DB1BB0050C437 /* TableViewCell2.swift */; };
		FC2D1A5A1F2DB1BB0050C437 /* TableViewCell2.xib in Resources */ = {isa = PBXBuildFile; fileRef = FC2D1A581F2DB1BB0050C437 /* TableViewCell2.xib */; };
/* End PBXBuildFile section */

/* Begin PBXFileReference section */
		FC2D1A3E1F2DB0A80050C437 /* TableSections.app */ = {isa = PBXFileReference; explicitFileType = wrapper.application; includeInIndex = 0; path = TableSections.app; sourceTree = BUILT_PRODUCTS_DIR; };
		FC2D1A411F2DB0A80050C437 /* AppDelegate.swift */ = {isa = PBXFileReference; lastKnownFileType = sourcecode.swift; path = AppDelegate.swift; sourceTree = "<group>"; };
		FC2D1A431F2DB0A80050C437 /* ViewController.swift */ = {isa = PBXFileReference; lastKnownFileType = sourcecode.swift; path = ViewController.swift; sourceTree = "<group>"; };
		FC2D1A461F2DB0A80050C437 /* Base */ = {isa = PBXFileReference; lastKnownFileType = file.storyboard; name = Base; path = Base.lproj/Main.storyboard; sourceTree = "<group>"; };
		FC2D1A481F2DB0A80050C437 /* Assets.xcassets */ = {isa = PBXFileReference; lastKnownFileType = folder.assetcatalog; path = Assets.xcassets; sourceTree = "<group>"; };
		FC2D1A4B1F2DB0A80050C437 /* Base */ = {isa = PBXFileReference; lastKnownFileType = file.storyboard; name = Base; path = Base.lproj/LaunchScreen.storyboard; sourceTree = "<group>"; };
		FC2D1A4D1F2DB0A80050C437 /* Info.plist */ = {isa = PBXFileReference; lastKnownFileType = text.plist.xml; path = Info.plist; sourceTree = "<group>"; };
		FC2D1A531F2DB1A80050C437 /* TableViewCell1.swift */ = {isa = PBXFileReference; fileEncoding = 4; lastKnownFileType = sourcecode.swift; path = TableViewCell1.swift; sourceTree = "<group>"; };
		FC2D1A541F2DB1A80050C437 /* TableViewCell1.xib */ = {isa = PBXFileReference; fileEncoding = 4; lastKnownFileType = file.xib; path = TableViewCell1.xib; sourceTree = "<group>"; };
		FC2D1A571F2DB1BB0050C437 /* TableViewCell2.swift */ = {isa = PBXFileReference; fileEncoding = 4; lastKnownFileType = sourcecode.swift; path = TableViewCell2.swift; sourceTree = "<group>"; };
		FC2D1A581F2DB1BB0050C437 /* TableViewCell2.xib */ = {isa = PBXFileReference; fileEncoding = 4; lastKnownFileType = file.xib; path = TableViewCell2.xib; sourceTree = "<group>"; };
/* End PBXFileReference section */

/* Begin PBXFrameworksBuildPhase section */
		FC2D1A3B1F2DB0A80050C437 /* Frameworks */ = {
			isa = PBXFrameworksBuildPhase;
			buildActionMask = 2147483647;
			files = (
			);
			runOnlyForDeploymentPostprocessing = 0;
		};
/* End PBXFrameworksBuildPhase section */

/* Begin PBXGroup section */
		FC2D1A351F2DB0A80050C437 = {
			isa = PBXGroup;
			children = (
				FC2D1A401F2DB0A80050C437 /* TableSections */,
				FC2D1A3F1F2DB0A80050C437 /* Products */,
			);
			sourceTree = "<group>";
		};
		FC2D1A3F1F2DB0A80050C437 /* Products */ = {
			isa = PBXGroup;
			children = (
				FC2D1A3E1F2DB0A80050C437 /* TableSections.app */,
			);
			name = Products;
			sourceTree = "<group>";
		};
		FC2D1A401F2DB0A80050C437 /* TableSections */ = {
			isa = PBXGroup;
			children = (
				FC2D1A411F2DB0A80050C437 /* AppDelegate.swift */,
				FC2D1A431F2DB0A80050C437 /* ViewController.swift */,
				FC2D1A451F2DB0A80050C437 /* Main.storyboard */,
				FC2D1A481F2DB0A80050C437 /* Assets.xcassets */,
				FC2D1A4A1F2DB0A80050C437 /* LaunchScreen.storyboard */,
				FC2D1A4D1F2DB0A80050C437 /* Info.plist */,
				FC2D1A531F2DB1A80050C437 /* TableViewCell1.swift */,
				FC2D1A541F2DB1A80050C437 /* TableViewCell1.xib */,
				FC2D1A571F2DB1BB0050C437 /* TableViewCell2.swift */,
				FC2D1A581F2DB1BB0050C437 /* TableViewCell2.xib */,
			);
			path = TableSections;
			sourceTree = "<group>";
		};
/* End PBXGroup section */

/* Begin PBXNativeTarget section */
		FC2D1A3D1F2DB0A80050C437 /* TableSections */ = {
			isa = PBXNativeTarget;
			buildConfigurationList = FC2D1A501F2DB0A80050C437 /* Build configuration list for PBXNativeTarget "TableSections" */;
			buildPhases = (
				FC2D1A3A1F2DB0A80050C437 /* Sources */,
				FC2D1A3B1F2DB0A80050C437 /* Frameworks */,
				FC2D1A3C1F2DB0A80050C437 /* Resources */,
			);
			buildRules = (
			);
			dependencies = (
			);
			name = TableSections;
			productName = TableSections;
			productReference = FC2D1A3E1F2DB0A80050C437 /* TableSections.app */;
			productType = "com.apple.product-type.application";
		};
/* End PBXNativeTarget section */

/* Begin PBXProject section */
		FC2D1A361F2DB0A80050C437 /* Project object */ = {
			isa = PBXProject;
			attributes = {
				LastSwiftUpdateCheck = 0830;
				LastUpgradeCheck = 0830;
				ORGANIZATIONNAME = "vikram singh rajpoot";
				TargetAttributes = {
					FC2D1A3D1F2DB0A80050C437 = {
						CreatedOnToolsVersion = 8.3.3;
						ProvisioningStyle = Automatic;
					};
				};
			};
			buildConfigurationList = FC2D1A391F2DB0A80050C437 /* Build configuration list for PBXProject "TableSections" */;
			compatibilityVersion = "Xcode 3.2";
			developmentRegion = English;
			hasScannedForEncodings = 0;
			knownRegions = (
				en,
				Base,
			);
			mainGroup = FC2D1A351F2DB0A80050C437;
			productRefGroup = FC2D1A3F1F2DB0A80050C437 /* Products */;
			projectDirPath = "";
			projectRoot = "";
			targets = (
				FC2D1A3D1F2DB0A80050C437 /* TableSections */,
			);
		};
/* End PBXProject section */

/* Begin PBXResourcesBuildPhase section */
		FC2D1A3C1F2DB0A80050C437 /* Resources */ = {
			isa = PBXResourcesBuildPhase;
			buildActionMask = 2147483647;
			files = (
				FC2D1A5A1F2DB1BB0050C437 /* TableViewCell2.xib in Resources */,
				FC2D1A4C1F2DB0A80050C437 /* LaunchScreen.storyboard in Resources */,
				FC2D1A491F2DB0A80050C437 /* Assets.xcassets in Resources */,
				FC2D1A471F2DB0A80050C437 /* Main.storyboard in Resources */,
				FC2D1A561F2DB1A80050C437 /* TableViewCell1.xib in Resources */,
			);
			runOnlyForDeploymentPostprocessing = 0;
		};
/* End PBXResourcesBuildPhase section */

/* Begin PBXSourcesBuildPhase section */
		FC2D1A3A1F2DB0A80050C437 /* Sources */ = {
			isa = PBXSourcesBuildPhase;
			buildActionMask = 2147483647;
			files = (
				FC2D1A591F2DB1BB0050C437 /* TableViewCell2.swift in Sources */,
				FC2D1A551F2DB1A80050C437 /* TableViewCell1.swift in Sources */,
				FC2D1A441F2DB0A80050C437 /* ViewController.swift in Sources */,
				FC2D1A421F2DB0A80050C437 /* AppDelegate.swift in Sources */,
			);
			runOnlyForDeploymentPostprocessing = 0;
		};
/* End PBXSourcesBuildPhase section */

/* Begin PBXVariantGroup section */
		FC2D1A451F2DB0A80050C437 /* Main.storyboard */ = {
			isa = PBXVariantGroup;
			children = (
				FC2D1A461F2DB0A80050C437 /* Base */,
			);
			name = Main.storyboard;
			sourceTree = "<group>";
		};
		FC2D1A4A1F2DB0A80050C437 /* LaunchScreen.storyboard */ = {
			isa = PBXVariantGroup;
			children = (
				FC2D1A4B1F2DB0A80050C437 /* Base */,
			);
			name = LaunchScreen.storyboard;
			sourceTree = "<group>";
		};
/* End PBXVariantGroup section */

/* Begin XCBuildConfiguration section */
		FC2D1A4E1F2DB0A80050C437 /* Debug */ = {
			isa = XCBuildConfiguration;
			buildSettings = {
				ALWAYS_SEARCH_USER_PATHS = NO;
				CLANG_ANALYZER_NONNULL = YES;
				CLANG_ANALYZER_NUMBER_OBJECT_CONVERSION = YES_AGGRESSIVE;
				CLANG_CXX_LANGUAGE_STANDARD = "gnu++0x";
				CLANG_CXX_LIBRARY = "libc++";
				CLANG_ENABLE_MODULES = YES;
				CLANG_ENABLE_OBJC_ARC = YES;
				CLANG_WARN_BOOL_CONVERSION = YES;
				CLANG_WARN_CONSTANT_CONVERSION = YES;
				CLANG_WARN_DIRECT_OBJC_ISA_USAGE = YES_ERROR;
				CLANG_WARN_DOCUMENTATION_COMMENTS = YES;
				CLANG_WARN_EMPTY_BODY = YES;
				CLANG_WARN_ENUM_CONVERSION = YES;
				CLANG_WARN_INFINITE_RECURSION = YES;
				CLANG_WARN_INT_CONVERSION = YES;
				CLANG_WARN_OBJC_ROOT_CLASS = YES_ERROR;
				CLANG_WARN_SUSPICIOUS_MOVE = YES;
				CLANG_WARN_UNREACHABLE_CODE = YES;
				CLANG_WARN__DUPLICATE_METHOD_MATCH = YES;
				"CODE_SIGN_IDENTITY[sdk=iphoneos*]" = "iPhone Developer";
				COPY_PHASE_STRIP = NO;
				DEBUG_INFORMATION_FORMAT = dwarf;
				ENABLE_STRICT_OBJC_MSGSEND = YES;
				ENABLE_TESTABILITY = YES;
				GCC_C_LANGUAGE_STANDARD = gnu99;
				GCC_DYNAMIC_NO_PIC = NO;
				GCC_NO_COMMON_BLOCKS = YES;
				GCC_OPTIMIZATION_LEVEL = 0;
				GCC_PREPROCESSOR_DEFINITIONS = (
					"DEBUG=1",
					"$(inherited)",
				);
				GCC_WARN_64_TO_32_BIT_CONVERSION = YES;
				GCC_WARN_ABOUT_RETURN_TYPE = YES_ERROR;
				GCC_WARN_UNDECLARED_SELECTOR = YES;
				GCC_WARN_UNINITIALIZED_AUTOS = YES_AGGRESSIVE;
				GCC_WARN_UNUSED_FUNCTION = YES;
				GCC_WARN_UNUSED_VARIABLE = YES;
				IPHONEOS_DEPLOYMENT_TARGET = 10.3;
				MTL_ENABLE_DEBUG_INFO = YES;
				ONLY_ACTIVE_ARCH = YES;
				SDKROOT = iphoneos;
				SWIFT_ACTIVE_COMPILATION_CONDITIONS = DEBUG;
				SWIFT_OPTIMIZATION_LEVEL = "-Onone";
			};
			name = Debug;
		};
		FC2D1A4F1F2DB0A80050C437 /* Release */ = {
			isa = XCBuildConfiguration;
			buildSettings = {
				ALWAYS_SEARCH_USER_PATHS = NO;
				CLANG_ANALYZER_NONNULL = YES;
				CLANG_ANALYZER_NUMBER_OBJECT_CONVERSION = YES_AGGRESSIVE;
				CLANG_CXX_LANGUAGE_STANDARD = "gnu++0x";
				CLANG_CXX_LIBRARY = "libc++";
				CLANG_ENABLE_MODULES = YES;
				CLANG_ENABLE_OBJC_ARC = YES;
				CLANG_WARN_BOOL_CONVERSION = YES;
				CLANG_WARN_CONSTANT_CONVERSION = YES;
				CLANG_WARN_DIRECT_OBJC_ISA_USAGE = YES_ERROR;
				CLANG_WARN_DOCUMENTATION_COMMENTS = YES;
				CLANG_WARN_EMPTY_BODY = YES;
				CLANG_WARN_ENUM_CONVERSION = YES;
				CLANG_WARN_INFINITE_RECURSION = YES;
				CLANG_WARN_INT_CONVERSION = YES;
				CLANG_WARN_OBJC_ROOT_CLASS = YES_ERROR;
				CLANG_WARN_SUSPICIOUS_MOVE = YES;
				CLANG_WARN_UNREACHABLE_CODE = YES;
				CLANG_WARN__DUPLICATE_METHOD_MATCH = YES;
				"CODE_SIGN_IDENTITY[sdk=iphoneos*]" = "iPhone Developer";
				COPY_PHASE_STRIP = NO;
				DEBUG_INFORMATION_FORMAT = "dwarf-with-dsym";
				ENABLE_NS_ASSERTIONS = NO;
				ENABLE_STRICT_OBJC_MSGSEND = YES;
				GCC_C_LANGUAGE_STANDARD = gnu99;
				GCC_NO_COMMON_BLOCKS = YES;
				GCC_WARN_64_TO_32_BIT_CONVERSION = YES;
				GCC_WARN_ABOUT_RETURN_TYPE = YES_ERROR;
				GCC_WARN_UNDECLARED_SELECTOR = YES;
				GCC_WARN_UNINITIALIZED_AUTOS = YES_AGGRESSIVE;
				GCC_WARN_UNUSED_FUNCTION = YES;
				GCC_WARN_UNUSED_VARIABLE = YES;
				IPHONEOS_DEPLOYMENT_TARGET = 10.3;
				MTL_ENABLE_DEBUG_INFO = NO;
				SDKROOT = iphoneos;
				SWIFT_OPTIMIZATION_LEVEL = "-Owholemodule";
				VALIDATE_PRODUCT = YES;
			};
			name = Release;
		};
		FC2D1A511F2DB0A80050C437 /* Debug */ = {
			isa = XCBuildConfiguration;
			buildSettings = {
				ASSETCATALOG_COMPILER_APPICON_NAME = AppIcon;
				INFOPLIST_FILE = TableSections/Info.plist;
				LD_RUNPATH_SEARCH_PATHS = "$(inherited) @executable_path/Frameworks";
				PRODUCT_BUNDLE_IDENTIFIER = vikram.TableSections;
				PRODUCT_NAME = "$(TARGET_NAME)";
				SWIFT_VERSION = 3.0;
			};
			name = Debug;
		};
		FC2D1A521F2DB0A80050C437 /* Release */ = {
			isa = XCBuildConfiguration;
			buildSettings = {
				ASSETCATALOG_COMPILER_APPICON_NAME = AppIcon;
				INFOPLIST_FILE = TableSections/Info.plist;
				LD_RUNPATH_SEARCH_PATHS = "$(inherited) @executable_path/Frameworks";
				PRODUCT_BUNDLE_IDENTIFIER = vikram.TableSections;
				PRODUCT_NAME = "$(TARGET_NAME)";
				SWIFT_VERSION = 3.0;
			};
			name = Release;
		};
/* End XCBuildConfiguration section */

/* Begin XCConfigurationList section */
		FC2D1A391F2DB0A80050C437 /* Build configuration list for PBXProject "TableSections" */ = {
			isa = XCConfigurationList;
			buildConfigurations = (
				FC2D1A4E1F2DB0A80050C437 /* Debug */,
				FC2D1A4F1F2DB0A80050C437 /* Release */,
			);
			defaultConfigurationIsVisible = 0;
			defaultConfigurationName = Release;
		};
		FC2D1A501F2DB0A80050C437 /* Build configuration list for PBXNativeTarget "TableSections" */ = {
			isa = XCConfigurationList;
			buildConfigurations = (
				FC2D1A511F2DB0A80050C437 /* Debug */,
				FC2D1A521F2DB0A80050C437 /* Release */,
			);
			defaultConfigurationIsVisible = 0;
		};
/* End XCConfigurationList section */
	};
	rootObject = FC2D1A361F2DB0A80050C437 /* Project object */;
}
